
Microsoft Visual Studio Solution File, Format Version 12.00
# Visual Studio 15
VisualStudioVersion = 15.0.28010.2041
MinimumVisualStudioVersion = 10.0.40219.1
Project("{FAE04EC0-301F-11D3-BF4B-00C04F79EFBC}") = "Repository", "Repository\Repository.csproj", "{DDC7B425-0580-4B54-85FF-77A975AB8401}"
EndProject
Project("{FAE04EC0-301F-11D3-BF4B-00C04F79EFBC}") = "UnitTests", "..\UnitTests\UnitTests.csproj", "{8BEC8587-DE1D-41BA-9DBC-118212C720C1}"
EndProject
Project("{FAE04EC0-301F-11D3-BF4B-00C04F79EFBC}") = "Server", "..\Server\Server.csproj", "{7A4A02AB-733B-42C5-A3AD-77D6C1FEC389}"
EndProject
Project("{FAE04EC0-301F-11D3-BF4B-00C04F79EFBC}") = "EFRepository", "..\EFRepository\EFRepository.csproj", "{3A59AEDC-5D38-48CB-8E35-73124666C98F}"
EndProject
Project("{FAE04EC0-301F-11D3-BF4B-00C04F79EFBC}") = "Common", "..\Common\Common.csproj", "{56918C99-2D83-46E4-9CDA-EA41BB57A564}"
EndProject
Global
	GlobalSection(SolutionConfigurationPlatforms) = preSolution
		Debug|Any CPU = Debug|Any CPU
		Release|Any CPU = Release|Any CPU
	EndGlobalSection
	GlobalSection(ProjectConfigurationPlatforms) = postSolution
		{DDC7B425-0580-4B54-85FF-77A975AB8401}.Debug|Any CPU.ActiveCfg = Debug|Any CPU
		{DDC7B425-0580-4B54-85FF-77A975AB8401}.Debug|Any CPU.Build.0 = Debug|Any CPU
		{DDC7B425-0580-4B54-85FF-77A975AB8401}.Release|Any CPU.ActiveCfg = Release|Any CPU
		{DDC7B425-0580-4B54-85FF-77A975AB8401}.Release|Any CPU.Build.0 = Release|Any CPU
		{8BEC8587-DE1D-41BA-9DBC-118212C720C1}.Debug|Any CPU.ActiveCfg = Debug|Any CPU
		{8BEC8587-DE1D-41BA-9DBC-118212C720C1}.Debug|Any CPU.Build.0 = Debug|Any CPU
		{8BEC8587-DE1D-41BA-9DBC-118212C720C1}.Release|Any CPU.ActiveCfg = Release|Any CPU
		{8BEC8587-DE1D-41BA-9DBC-118212C720C1}.Release|Any CPU.Build.0 = Release|Any CPU
		{7A4A02AB-733B-42C5-A3AD-77D6C1FEC389}.Debug|Any CPU.ActiveCfg = Debug|Any CPU
		{7A4A02AB-733B-42C5-A3AD-77D6C1FEC389}.Debug|Any CPU.Build.0 = Debug|Any CPU
		{7A4A02AB-733B-42C5-A3AD-77D6C1FEC389}.Release|Any CPU.ActiveCfg = Release|Any CPU
		{7A4A02AB-733B-42C5-A3AD-77D6C1FEC389}.Release|Any CPU.Build.0 = Release|Any CPU
		{3A59AEDC-5D38-48CB-8E35-73124666C98F}.Debug|Any CPU.ActiveCfg = Debug|Any CPU
		{3A59AEDC-5D38-48CB-8E35-73124666C98F}.Debug|Any CPU.Build.0 = Debug|Any CPU
		{3A59AEDC-5D38-48CB-8E35-73124666C98F}.Release|Any CPU.ActiveCfg = Release|Any CPU
		{3A59AEDC-5D38-48CB-8E35-73124666C98F}.Release|Any CPU.Build.0 = Release|Any CPU
		{56918C99-2D83-46E4-9CDA-EA41BB57A564}.Debug|Any CPU.ActiveCfg = Debug|Any CPU
		{56918C99-2D83-46E4-9CDA-EA41BB57A564}.Debug|Any CPU.Build.0 = Debug|Any CPU
		{56918C99-2D83-46E4-9CDA-EA41BB57A564}.Release|Any CPU.ActiveCfg = Release|Any CPU
		{56918C99-2D83-46E4-9CDA-EA41BB57A564}.Release|Any CPU.Build.0 = Release|Any CPU
	EndGlobalSection
	GlobalSection(SolutionProperties) = preSolution
		HideSolutionNode = FALSE
	EndGlobalSection
	GlobalSection(ExtensibilityGlobals) = postSolution
		SolutionGuid = {F3965A45-1DF5-4098-A2B4-77916F863C7E}
	EndGlobalSection
EndGlobal
